// !$*UTF8*$!
{
	archiveVersion = 1;
	classes = {
	};
	objectVersion = 55;
	objects = {

/* Begin PBXBuildFile section */
		DA03A3CE2838426A00128B90 /* CoreDataManager.swift in Sources */ = {isa = PBXBuildFile; fileRef = DA03A3CD2838426A00128B90 /* CoreDataManager.swift */; };
		DA03A3D0283842A900128B90 /* PetInfo.swift in Sources */ = {isa = PBXBuildFile; fileRef = DA03A3CF283842A900128B90 /* PetInfo.swift */; };
		DA03A3D3283847C300128B90 /* PetDiary.xcdatamodeld in Sources */ = {isa = PBXBuildFile; fileRef = DA03A3D1283847C300128B90 /* PetDiary.xcdatamodeld */; };
		DA03A3D52838498D00128B90 /* PetInformationViewModel.swift in Sources */ = {isa = PBXBuildFile; fileRef = DA03A3D42838498D00128B90 /* PetInformationViewModel.swift */; };
		DA03A3D7283859FB00128B90 /* ListingCardView.swift in Sources */ = {isa = PBXBuildFile; fileRef = DA03A3D6283859FB00128B90 /* ListingCardView.swift */; };
		DA174755285F46F90058E696 /* VetRecordsView.swift in Sources */ = {isa = PBXBuildFile; fileRef = DA174754285F46F90058E696 /* VetRecordsView.swift */; };
		DA174758285F4D630058E696 /* VetRecordsCardView.swift in Sources */ = {isa = PBXBuildFile; fileRef = DA174757285F4D630058E696 /* VetRecordsCardView.swift */; };
		DA17475B285F64510058E696 /* ScheduleCardView.swift in Sources */ = {isa = PBXBuildFile; fileRef = DA17475A285F64510058E696 /* ScheduleCardView.swift */; };
		DA23615D28356BDC00EBC982 /* DairyPetApp.swift in Sources */ = {isa = PBXBuildFile; fileRef = DA23615C28356BDC00EBC982 /* DairyPetApp.swift */; };
		DA23615F28356BDC00EBC982 /* ContentView.swift in Sources */ = {isa = PBXBuildFile; fileRef = DA23615E28356BDC00EBC982 /* ContentView.swift */; };
		DA23616128356BDD00EBC982 /* Assets.xcassets in Resources */ = {isa = PBXBuildFile; fileRef = DA23616028356BDD00EBC982 /* Assets.xcassets */; };
		DA23616428356BDD00EBC982 /* Preview Assets.xcassets in Resources */ = {isa = PBXBuildFile; fileRef = DA23616328356BDD00EBC982 /* Preview Assets.xcassets */; };
		DA23616E28356D1C00EBC982 /* TabbarView.swift in Sources */ = {isa = PBXBuildFile; fileRef = DA23616D28356D1C00EBC982 /* TabbarView.swift */; };
		DA23617028356D8C00EBC982 /* SettingsView.swift in Sources */ = {isa = PBXBuildFile; fileRef = DA23616F28356D8C00EBC982 /* SettingsView.swift */; };
		DA23617228356D9C00EBC982 /* ScheduleView.swift in Sources */ = {isa = PBXBuildFile; fileRef = DA23617128356D9C00EBC982 /* ScheduleView.swift */; };
		DA2361742835875F00EBC982 /* Extentions.swift in Sources */ = {isa = PBXBuildFile; fileRef = DA2361732835875F00EBC982 /* Extentions.swift */; };
		DA23617628358ACA00EBC982 /* CardView.swift in Sources */ = {isa = PBXBuildFile; fileRef = DA23617528358ACA00EBC982 /* CardView.swift */; };
		DA23617A2835C58500EBC982 /* Messages.swift in Sources */ = {isa = PBXBuildFile; fileRef = DA2361792835C58500EBC982 /* Messages.swift */; };
		DA23617D2837DBA100EBC982 /* ImagePicker.swift in Sources */ = {isa = PBXBuildFile; fileRef = DA23617C2837DBA100EBC982 /* ImagePicker.swift */; };
		DA23617F2837DC9500EBC982 /* ImagePickerViewModel.swift in Sources */ = {isa = PBXBuildFile; fileRef = DA23617E2837DC9500EBC982 /* ImagePickerViewModel.swift */; };
		DA3A3A76285505E000F50BA3 /* Charts in Frameworks */ = {isa = PBXBuildFile; productRef = DA3A3A75285505E000F50BA3 /* Charts */; };
		DA3F99B4284AD27800CA1301 /* DetailTabbarView.swift in Sources */ = {isa = PBXBuildFile; fileRef = DA3F99B3284AD27800CA1301 /* DetailTabbarView.swift */; };
		DA6357FF283FEE45005B6F34 /* DetailView.swift in Sources */ = {isa = PBXBuildFile; fileRef = DA6357FE283FEE45005B6F34 /* DetailView.swift */; };
		DA63580128401D95005B6F34 /* ProfileView.swift in Sources */ = {isa = PBXBuildFile; fileRef = DA63580028401D95005B6F34 /* ProfileView.swift */; };
		DA63580328403BCC005B6F34 /* DateValue.swift in Sources */ = {isa = PBXBuildFile; fileRef = DA63580228403BCC005B6F34 /* DateValue.swift */; };
		DA63580528403BEE005B6F34 /* Task.swift in Sources */ = {isa = PBXBuildFile; fileRef = DA63580428403BEE005B6F34 /* Task.swift */; };
		DA63580728426596005B6F34 /* PetAddView.swift in Sources */ = {isa = PBXBuildFile; fileRef = DA63580628426596005B6F34 /* PetAddView.swift */; };
		DA63580928427628005B6F34 /* EmptyListsView.swift in Sources */ = {isa = PBXBuildFile; fileRef = DA63580828427628005B6F34 /* EmptyListsView.swift */; };
		DAD978B2285DF51F00692DE1 /* NewInfoView.swift in Sources */ = {isa = PBXBuildFile; fileRef = DAD978B1285DF51F00692DE1 /* NewInfoView.swift */; };
		DAD978B4285E1E3B00692DE1 /* PetScheduledViewModel.swift in Sources */ = {isa = PBXBuildFile; fileRef = DAD978B3285E1E3B00692DE1 /* PetScheduledViewModel.swift */; };
		DAE205B6285A4BE2003E58AE /* MedicalCardView.swift in Sources */ = {isa = PBXBuildFile; fileRef = DAE205B5285A4BE2003E58AE /* MedicalCardView.swift */; };
		DAE205B9285BBB71003E58AE /* EmptyMedicalView.swift in Sources */ = {isa = PBXBuildFile; fileRef = DAE205B8285BBB71003E58AE /* EmptyMedicalView.swift */; };
		DAE4C8BB2849579C00F83B16 /* NewScrollView.swift in Sources */ = {isa = PBXBuildFile; fileRef = DAE4C8BA2849579C00F83B16 /* NewScrollView.swift */; };
		DAFF75122855485A0010D17C /* MedicalView.swift in Sources */ = {isa = PBXBuildFile; fileRef = DAFF75112855485A0010D17C /* MedicalView.swift */; };
		DAFF751428563AF70010D17C /* PetMedicalViewModel.swift in Sources */ = {isa = PBXBuildFile; fileRef = DAFF751328563AF70010D17C /* PetMedicalViewModel.swift */; };
/* End PBXBuildFile section */

/* Begin PBXFileReference section */
		DA03A3CB2837F4C700128B90 /* Info.plist */ = {isa = PBXFileReference; lastKnownFileType = text.plist.xml; path = Info.plist; sourceTree = "<group>"; };
		DA03A3CD2838426A00128B90 /* CoreDataManager.swift */ = {isa = PBXFileReference; lastKnownFileType = sourcecode.swift; path = CoreDataManager.swift; sourceTree = "<group>"; };
		DA03A3CF283842A900128B90 /* PetInfo.swift */ = {isa = PBXFileReference; lastKnownFileType = sourcecode.swift; path = PetInfo.swift; sourceTree = "<group>"; };
		DA03A3D2283847C300128B90 /* PetDiary.xcdatamodel */ = {isa = PBXFileReference; lastKnownFileType = wrapper.xcdatamodel; path = PetDiary.xcdatamodel; sourceTree = "<group>"; };
		DA03A3D42838498D00128B90 /* PetInformationViewModel.swift */ = {isa = PBXFileReference; lastKnownFileType = sourcecode.swift; path = PetInformationViewModel.swift; sourceTree = "<group>"; };
		DA03A3D6283859FB00128B90 /* ListingCardView.swift */ = {isa = PBXFileReference; lastKnownFileType = sourcecode.swift; path = ListingCardView.swift; sourceTree = "<group>"; };
		DA174754285F46F90058E696 /* VetRecordsView.swift */ = {isa = PBXFileReference; lastKnownFileType = sourcecode.swift; path = VetRecordsView.swift; sourceTree = "<group>"; };
		DA174757285F4D630058E696 /* VetRecordsCardView.swift */ = {isa = PBXFileReference; lastKnownFileType = sourcecode.swift; path = VetRecordsCardView.swift; sourceTree = "<group>"; };
		DA17475A285F64510058E696 /* ScheduleCardView.swift */ = {isa = PBXFileReference; lastKnownFileType = sourcecode.swift; path = ScheduleCardView.swift; sourceTree = "<group>"; };
		DA23615928356BDB00EBC982 /* DairyPet.app */ = {isa = PBXFileReference; explicitFileType = wrapper.application; includeInIndex = 0; path = DairyPet.app; sourceTree = BUILT_PRODUCTS_DIR; };
		DA23615C28356BDC00EBC982 /* DairyPetApp.swift */ = {isa = PBXFileReference; lastKnownFileType = sourcecode.swift; path = DairyPetApp.swift; sourceTree = "<group>"; };
		DA23615E28356BDC00EBC982 /* ContentView.swift */ = {isa = PBXFileReference; lastKnownFileType = sourcecode.swift; path = ContentView.swift; sourceTree = "<group>"; };
		DA23616028356BDD00EBC982 /* Assets.xcassets */ = {isa = PBXFileReference; lastKnownFileType = folder.assetcatalog; path = Assets.xcassets; sourceTree = "<group>"; };
		DA23616328356BDD00EBC982 /* Preview Assets.xcassets */ = {isa = PBXFileReference; lastKnownFileType = folder.assetcatalog; path = "Preview Assets.xcassets"; sourceTree = "<group>"; };
		DA23616D28356D1C00EBC982 /* TabbarView.swift */ = {isa = PBXFileReference; lastKnownFileType = sourcecode.swift; path = TabbarView.swift; sourceTree = "<group>"; };
		DA23616F28356D8C00EBC982 /* SettingsView.swift */ = {isa = PBXFileReference; lastKnownFileType = sourcecode.swift; path = SettingsView.swift; sourceTree = "<group>"; };
		DA23617128356D9C00EBC982 /* ScheduleView.swift */ = {isa = PBXFileReference; lastKnownFileType = sourcecode.swift; path = ScheduleView.swift; sourceTree = "<group>"; };
		DA2361732835875F00EBC982 /* Extentions.swift */ = {isa = PBXFileReference; lastKnownFileType = sourcecode.swift; path = Extentions.swift; sourceTree = "<group>"; };
		DA23617528358ACA00EBC982 /* CardView.swift */ = {isa = PBXFileReference; lastKnownFileType = sourcecode.swift; path = CardView.swift; sourceTree = "<group>"; };
		DA2361792835C58500EBC982 /* Messages.swift */ = {isa = PBXFileReference; lastKnownFileType = sourcecode.swift; path = Messages.swift; sourceTree = "<group>"; };
		DA23617C2837DBA100EBC982 /* ImagePicker.swift */ = {isa = PBXFileReference; lastKnownFileType = sourcecode.swift; path = ImagePicker.swift; sourceTree = "<group>"; };
		DA23617E2837DC9500EBC982 /* ImagePickerViewModel.swift */ = {isa = PBXFileReference; lastKnownFileType = sourcecode.swift; path = ImagePickerViewModel.swift; sourceTree = "<group>"; };
		DA3F99B3284AD27800CA1301 /* DetailTabbarView.swift */ = {isa = PBXFileReference; lastKnownFileType = sourcecode.swift; path = DetailTabbarView.swift; sourceTree = "<group>"; };
		DA6357FE283FEE45005B6F34 /* DetailView.swift */ = {isa = PBXFileReference; lastKnownFileType = sourcecode.swift; path = DetailView.swift; sourceTree = "<group>"; };
		DA63580028401D95005B6F34 /* ProfileView.swift */ = {isa = PBXFileReference; lastKnownFileType = sourcecode.swift; path = ProfileView.swift; sourceTree = "<group>"; };
		DA63580228403BCC005B6F34 /* DateValue.swift */ = {isa = PBXFileReference; lastKnownFileType = sourcecode.swift; path = DateValue.swift; sourceTree = "<group>"; };
		DA63580428403BEE005B6F34 /* Task.swift */ = {isa = PBXFileReference; lastKnownFileType = sourcecode.swift; path = Task.swift; sourceTree = "<group>"; };
		DA63580628426596005B6F34 /* PetAddView.swift */ = {isa = PBXFileReference; lastKnownFileType = sourcecode.swift; path = PetAddView.swift; sourceTree = "<group>"; };
		DA63580828427628005B6F34 /* EmptyListsView.swift */ = {isa = PBXFileReference; lastKnownFileType = sourcecode.swift; path = EmptyListsView.swift; sourceTree = "<group>"; };
		DAD978B1285DF51F00692DE1 /* NewInfoView.swift */ = {isa = PBXFileReference; lastKnownFileType = sourcecode.swift; path = NewInfoView.swift; sourceTree = "<group>"; };
		DAD978B3285E1E3B00692DE1 /* PetScheduledViewModel.swift */ = {isa = PBXFileReference; lastKnownFileType = sourcecode.swift; path = PetScheduledViewModel.swift; sourceTree = "<group>"; };
		DAE205B5285A4BE2003E58AE /* MedicalCardView.swift */ = {isa = PBXFileReference; lastKnownFileType = sourcecode.swift; path = MedicalCardView.swift; sourceTree = "<group>"; };
		DAE205B8285BBB71003E58AE /* EmptyMedicalView.swift */ = {isa = PBXFileReference; lastKnownFileType = sourcecode.swift; path = EmptyMedicalView.swift; sourceTree = "<group>"; };
		DAE4C8BA2849579C00F83B16 /* NewScrollView.swift */ = {isa = PBXFileReference; lastKnownFileType = sourcecode.swift; path = NewScrollView.swift; sourceTree = "<group>"; };
		DAFF75112855485A0010D17C /* MedicalView.swift */ = {isa = PBXFileReference; lastKnownFileType = sourcecode.swift; path = MedicalView.swift; sourceTree = "<group>"; };
		DAFF751328563AF70010D17C /* PetMedicalViewModel.swift */ = {isa = PBXFileReference; lastKnownFileType = sourcecode.swift; path = PetMedicalViewModel.swift; sourceTree = "<group>"; };
/* End PBXFileReference section */

/* Begin PBXFrameworksBuildPhase section */
		DA23615628356BDB00EBC982 /* Frameworks */ = {
			isa = PBXFrameworksBuildPhase;
			buildActionMask = 2147483647;
			files = (
				DA3A3A76285505E000F50BA3 /* Charts in Frameworks */,
			);
			runOnlyForDeploymentPostprocessing = 0;
		};
/* End PBXFrameworksBuildPhase section */

/* Begin PBXGroup section */
		DA174756285F47050058E696 /* VetRecords */ = {
			isa = PBXGroup;
			children = (
				DA174754285F46F90058E696 /* VetRecordsView.swift */,
				DA174757285F4D630058E696 /* VetRecordsCardView.swift */,
			);
			path = VetRecords;
			sourceTree = "<group>";
		};
		DA174759285F64390058E696 /* Schedule */ = {
			isa = PBXGroup;
			children = (
				DA23617128356D9C00EBC982 /* ScheduleView.swift */,
				DA17475A285F64510058E696 /* ScheduleCardView.swift */,
			);
			path = Schedule;
			sourceTree = "<group>";
		};
		DA23615028356BDB00EBC982 = {
			isa = PBXGroup;
			children = (
				DA03A3CB2837F4C700128B90 /* Info.plist */,
				DA23615B28356BDB00EBC982 /* DairyPet */,
				DA23615A28356BDB00EBC982 /* Products */,
			);
			sourceTree = "<group>";
		};
		DA23615A28356BDB00EBC982 /* Products */ = {
			isa = PBXGroup;
			children = (
				DA23615928356BDB00EBC982 /* DairyPet.app */,
			);
			name = Products;
			sourceTree = "<group>";
		};
		DA23615B28356BDB00EBC982 /* DairyPet */ = {
			isa = PBXGroup;
			children = (
				DA23617B2837DB9200EBC982 /* Representable */,
				DA23616C28356D0B00EBC982 /* ViewController */,
				DA23616B28356CFE00EBC982 /* Model */,
				DA23616A28356CF600EBC982 /* View */,
				DA23615C28356BDC00EBC982 /* DairyPetApp.swift */,
				DA23615E28356BDC00EBC982 /* ContentView.swift */,
				DA23616028356BDD00EBC982 /* Assets.xcassets */,
				DA23616228356BDD00EBC982 /* Preview Content */,
				DA03A3D1283847C300128B90 /* PetDiary.xcdatamodeld */,
			);
			path = DairyPet;
			sourceTree = "<group>";
		};
		DA23616228356BDD00EBC982 /* Preview Content */ = {
			isa = PBXGroup;
			children = (
				DA23616328356BDD00EBC982 /* Preview Assets.xcassets */,
			);
			path = "Preview Content";
			sourceTree = "<group>";
		};
		DA23616A28356CF600EBC982 /* View */ = {
			isa = PBXGroup;
			children = (
				DA174759285F64390058E696 /* Schedule */,
				DA174756285F47050058E696 /* VetRecords */,
				DAE205B7285BBB56003E58AE /* EmptyStateViews */,
				DAE205B4285A4ADC003E58AE /* Medical */,
				DA23616D28356D1C00EBC982 /* TabbarView.swift */,
				DA23616F28356D8C00EBC982 /* SettingsView.swift */,
				DA23617528358ACA00EBC982 /* CardView.swift */,
				DA03A3D6283859FB00128B90 /* ListingCardView.swift */,
				DA6357FE283FEE45005B6F34 /* DetailView.swift */,
				DA2361792835C58500EBC982 /* Messages.swift */,
				DA63580028401D95005B6F34 /* ProfileView.swift */,
				DA63580628426596005B6F34 /* PetAddView.swift */,
				DAE4C8BA2849579C00F83B16 /* NewScrollView.swift */,
				DA3F99B3284AD27800CA1301 /* DetailTabbarView.swift */,
				DAD978B1285DF51F00692DE1 /* NewInfoView.swift */,
			);
			path = View;
			sourceTree = "<group>";
		};
		DA23616B28356CFE00EBC982 /* Model */ = {
			isa = PBXGroup;
			children = (
				DA03A3CF283842A900128B90 /* PetInfo.swift */,
				DA63580228403BCC005B6F34 /* DateValue.swift */,
				DA63580428403BEE005B6F34 /* Task.swift */,
			);
			path = Model;
			sourceTree = "<group>";
		};
		DA23616C28356D0B00EBC982 /* ViewController */ = {
			isa = PBXGroup;
			children = (
				DA03A3CD2838426A00128B90 /* CoreDataManager.swift */,
				DA23617E2837DC9500EBC982 /* ImagePickerViewModel.swift */,
				DA03A3D42838498D00128B90 /* PetInformationViewModel.swift */,
				DAFF751328563AF70010D17C /* PetMedicalViewModel.swift */,
				DAD978B3285E1E3B00692DE1 /* PetScheduledViewModel.swift */,
			);
			path = ViewController;
			sourceTree = "<group>";
		};
		DA23617B2837DB9200EBC982 /* Representable */ = {
			isa = PBXGroup;
			children = (
				DA2361732835875F00EBC982 /* Extentions.swift */,
				DA23617C2837DBA100EBC982 /* ImagePicker.swift */,
			);
			path = Representable;
			sourceTree = "<group>";
		};
		DAE205B4285A4ADC003E58AE /* Medical */ = {
			isa = PBXGroup;
			children = (
				DAFF75112855485A0010D17C /* MedicalView.swift */,
				DAE205B5285A4BE2003E58AE /* MedicalCardView.swift */,
			);
			path = Medical;
			sourceTree = "<group>";
		};
		DAE205B7285BBB56003E58AE /* EmptyStateViews */ = {
			isa = PBXGroup;
			children = (
				DA63580828427628005B6F34 /* EmptyListsView.swift */,
				DAE205B8285BBB71003E58AE /* EmptyMedicalView.swift */,
			);
			path = EmptyStateViews;
			sourceTree = "<group>";
		};
/* End PBXGroup section */

/* Begin PBXNativeTarget section */
		DA23615828356BDB00EBC982 /* DairyPet */ = {
			isa = PBXNativeTarget;
			buildConfigurationList = DA23616728356BDD00EBC982 /* Build configuration list for PBXNativeTarget "DairyPet" */;
			buildPhases = (
				DA23615528356BDB00EBC982 /* Sources */,
				DA23615628356BDB00EBC982 /* Frameworks */,
				DA23615728356BDB00EBC982 /* Resources */,
			);
			buildRules = (
			);
			dependencies = (
			);
			name = DairyPet;
			packageProductDependencies = (
				DA3A3A75285505E000F50BA3 /* Charts */,
			);
			productName = DairyPet;
			productReference = DA23615928356BDB00EBC982 /* DairyPet.app */;
			productType = "com.apple.product-type.application";
		};
/* End PBXNativeTarget section */

/* Begin PBXProject section */
		DA23615128356BDB00EBC982 /* Project object */ = {
			isa = PBXProject;
			attributes = {
				BuildIndependentTargetsInParallel = 1;
				LastSwiftUpdateCheck = 1330;
				LastUpgradeCheck = 1330;
				TargetAttributes = {
					DA23615828356BDB00EBC982 = {
						CreatedOnToolsVersion = 13.3.1;
					};
				};
			};
			buildConfigurationList = DA23615428356BDB00EBC982 /* Build configuration list for PBXProject "DairyPet" */;
			compatibilityVersion = "Xcode 13.0";
			developmentRegion = en;
			hasScannedForEncodings = 0;
			knownRegions = (
				en,
				Base,
			);
			mainGroup = DA23615028356BDB00EBC982;
			packageReferences = (
				DA3A3A74285505E000F50BA3 /* XCRemoteSwiftPackageReference "swiftui-charts" */,
			);
			productRefGroup = DA23615A28356BDB00EBC982 /* Products */;
			projectDirPath = "";
			projectRoot = "";
			targets = (
				DA23615828356BDB00EBC982 /* DairyPet */,
			);
		};
/* End PBXProject section */

/* Begin PBXResourcesBuildPhase section */
		DA23615728356BDB00EBC982 /* Resources */ = {
			isa = PBXResourcesBuildPhase;
			buildActionMask = 2147483647;
			files = (
				DA23616428356BDD00EBC982 /* Preview Assets.xcassets in Resources */,
				DA23616128356BDD00EBC982 /* Assets.xcassets in Resources */,
			);
			runOnlyForDeploymentPostprocessing = 0;
		};
/* End PBXResourcesBuildPhase section */

/* Begin PBXSourcesBuildPhase section */
		DA23615528356BDB00EBC982 /* Sources */ = {
			isa = PBXSourcesBuildPhase;
			buildActionMask = 2147483647;
			files = (
				DA23617A2835C58500EBC982 /* Messages.swift in Sources */,
				DA6357FF283FEE45005B6F34 /* DetailView.swift in Sources */,
				DA3F99B4284AD27800CA1301 /* DetailTabbarView.swift in Sources */,
				DA23617628358ACA00EBC982 /* CardView.swift in Sources */,
				DA23617228356D9C00EBC982 /* ScheduleView.swift in Sources */,
				DA174755285F46F90058E696 /* VetRecordsView.swift in Sources */,
				DA23617F2837DC9500EBC982 /* ImagePickerViewModel.swift in Sources */,
				DA03A3D0283842A900128B90 /* PetInfo.swift in Sources */,
				DAE205B6285A4BE2003E58AE /* MedicalCardView.swift in Sources */,
				DA23616E28356D1C00EBC982 /* TabbarView.swift in Sources */,
				DA63580328403BCC005B6F34 /* DateValue.swift in Sources */,
				DA174758285F4D630058E696 /* VetRecordsCardView.swift in Sources */,
				DAFF75122855485A0010D17C /* MedicalView.swift in Sources */,
				DA03A3D3283847C300128B90 /* PetDiary.xcdatamodeld in Sources */,
				DA03A3CE2838426A00128B90 /* CoreDataManager.swift in Sources */,
				DA63580128401D95005B6F34 /* ProfileView.swift in Sources */,
				DA63580528403BEE005B6F34 /* Task.swift in Sources */,
				DAD978B4285E1E3B00692DE1 /* PetScheduledViewModel.swift in Sources */,
				DA2361742835875F00EBC982 /* Extentions.swift in Sources */,
				DA17475B285F64510058E696 /* ScheduleCardView.swift in Sources */,
				DA23617028356D8C00EBC982 /* SettingsView.swift in Sources */,
				DA23617D2837DBA100EBC982 /* ImagePicker.swift in Sources */,
				DAE205B9285BBB71003E58AE /* EmptyMedicalView.swift in Sources */,
				DA23615F28356BDC00EBC982 /* ContentView.swift in Sources */,
				DAFF751428563AF70010D17C /* PetMedicalViewModel.swift in Sources */,
				DAE4C8BB2849579C00F83B16 /* NewScrollView.swift in Sources */,
				DA03A3D52838498D00128B90 /* PetInformationViewModel.swift in Sources */,
				DA23615D28356BDC00EBC982 /* DairyPetApp.swift in Sources */,
				DA03A3D7283859FB00128B90 /* ListingCardView.swift in Sources */,
				DA63580928427628005B6F34 /* EmptyListsView.swift in Sources */,
				DA63580728426596005B6F34 /* PetAddView.swift in Sources */,
				DAD978B2285DF51F00692DE1 /* NewInfoView.swift in Sources */,
			);
			runOnlyForDeploymentPostprocessing = 0;
		};
/* End PBXSourcesBuildPhase section */

/* Begin XCBuildConfiguration section */
		DA23616528356BDD00EBC982 /* Debug */ = {
			isa = XCBuildConfiguration;
			buildSettings = {
				ALWAYS_SEARCH_USER_PATHS = NO;
				CLANG_ANALYZER_NONNULL = YES;
				CLANG_ANALYZER_NUMBER_OBJECT_CONVERSION = YES_AGGRESSIVE;
				CLANG_CXX_LANGUAGE_STANDARD = "gnu++17";
				CLANG_ENABLE_MODULES = YES;
				CLANG_ENABLE_OBJC_ARC = YES;
				CLANG_ENABLE_OBJC_WEAK = YES;
				CLANG_WARN_BLOCK_CAPTURE_AUTORELEASING = YES;
				CLANG_WARN_BOOL_CONVERSION = YES;
				CLANG_WARN_COMMA = YES;
				CLANG_WARN_CONSTANT_CONVERSION = YES;
				CLANG_WARN_DEPRECATED_OBJC_IMPLEMENTATIONS = YES;
				CLANG_WARN_DIRECT_OBJC_ISA_USAGE = YES_ERROR;
				CLANG_WARN_DOCUMENTATION_COMMENTS = YES;
				CLANG_WARN_EMPTY_BODY = YES;
				CLANG_WARN_ENUM_CONVERSION = YES;
				CLANG_WARN_INFINITE_RECURSION = YES;
				CLANG_WARN_INT_CONVERSION = YES;
				CLANG_WARN_NON_LITERAL_NULL_CONVERSION = YES;
				CLANG_WARN_OBJC_IMPLICIT_RETAIN_SELF = YES;
				CLANG_WARN_OBJC_LITERAL_CONVERSION = YES;
				CLANG_WARN_OBJC_ROOT_CLASS = YES_ERROR;
				CLANG_WARN_QUOTED_INCLUDE_IN_FRAMEWORK_HEADER = YES;
				CLANG_WARN_RANGE_LOOP_ANALYSIS = YES;
				CLANG_WARN_STRICT_PROTOTYPES = YES;
				CLANG_WARN_SUSPICIOUS_MOVE = YES;
				CLANG_WARN_UNGUARDED_AVAILABILITY = YES_AGGRESSIVE;
				CLANG_WARN_UNREACHABLE_CODE = YES;
				CLANG_WARN__DUPLICATE_METHOD_MATCH = YES;
				COPY_PHASE_STRIP = NO;
				DEBUG_INFORMATION_FORMAT = dwarf;
				ENABLE_STRICT_OBJC_MSGSEND = YES;
				ENABLE_TESTABILITY = YES;
				EXCLUDED_ARCHS = arm64;
				GCC_C_LANGUAGE_STANDARD = gnu11;
				GCC_DYNAMIC_NO_PIC = NO;
				GCC_NO_COMMON_BLOCKS = YES;
				GCC_OPTIMIZATION_LEVEL = 0;
				GCC_PREPROCESSOR_DEFINITIONS = (
					"DEBUG=1",
					"$(inherited)",
				);
				GCC_WARN_64_TO_32_BIT_CONVERSION = YES;
				GCC_WARN_ABOUT_RETURN_TYPE = YES_ERROR;
				GCC_WARN_UNDECLARED_SELECTOR = YES;
				GCC_WARN_UNINITIALIZED_AUTOS = YES_AGGRESSIVE;
				GCC_WARN_UNUSED_FUNCTION = YES;
				GCC_WARN_UNUSED_VARIABLE = YES;
				GENERATE_INFOPLIST_FILE = NO;
				INFOPLIST_FILE = "";
				IPHONEOS_DEPLOYMENT_TARGET = 15.1;
				MTL_ENABLE_DEBUG_INFO = INCLUDE_SOURCE;
				MTL_FAST_MATH = YES;
				ONLY_ACTIVE_ARCH = YES;
				SDKROOT = iphoneos;
				SWIFT_ACTIVE_COMPILATION_CONDITIONS = DEBUG;
				SWIFT_OPTIMIZATION_LEVEL = "-Onone";
			};
			name = Debug;
		};
		DA23616628356BDD00EBC982 /* Release */ = {
			isa = XCBuildConfiguration;
			buildSettings = {
				ALWAYS_SEARCH_USER_PATHS = NO;
				CLANG_ANALYZER_NONNULL = YES;
				CLANG_ANALYZER_NUMBER_OBJECT_CONVERSION = YES_AGGRESSIVE;
				CLANG_CXX_LANGUAGE_STANDARD = "gnu++17";
				CLANG_ENABLE_MODULES = YES;
				CLANG_ENABLE_OBJC_ARC = YES;
				CLANG_ENABLE_OBJC_WEAK = YES;
				CLANG_WARN_BLOCK_CAPTURE_AUTORELEASING = YES;
				CLANG_WARN_BOOL_CONVERSION = YES;
				CLANG_WARN_COMMA = YES;
				CLANG_WARN_CONSTANT_CONVERSION = YES;
				CLANG_WARN_DEPRECATED_OBJC_IMPLEMENTATIONS = YES;
				CLANG_WARN_DIRECT_OBJC_ISA_USAGE = YES_ERROR;
				CLANG_WARN_DOCUMENTATION_COMMENTS = YES;
				CLANG_WARN_EMPTY_BODY = YES;
				CLANG_WARN_ENUM_CONVERSION = YES;
				CLANG_WARN_INFINITE_RECURSION = YES;
				CLANG_WARN_INT_CONVERSION = YES;
				CLANG_WARN_NON_LITERAL_NULL_CONVERSION = YES;
				CLANG_WARN_OBJC_IMPLICIT_RETAIN_SELF = YES;
				CLANG_WARN_OBJC_LITERAL_CONVERSION = YES;
				CLANG_WARN_OBJC_ROOT_CLASS = YES_ERROR;
				CLANG_WARN_QUOTED_INCLUDE_IN_FRAMEWORK_HEADER = YES;
				CLANG_WARN_RANGE_LOOP_ANALYSIS = YES;
				CLANG_WARN_STRICT_PROTOTYPES = YES;
				CLANG_WARN_SUSPICIOUS_MOVE = YES;
				CLANG_WARN_UNGUARDED_AVAILABILITY = YES_AGGRESSIVE;
				CLANG_WARN_UNREACHABLE_CODE = YES;
				CLANG_WARN__DUPLICATE_METHOD_MATCH = YES;
				COPY_PHASE_STRIP = NO;
				DEBUG_INFORMATION_FORMAT = "dwarf-with-dsym";
				ENABLE_NS_ASSERTIONS = NO;
				ENABLE_STRICT_OBJC_MSGSEND = YES;
				EXCLUDED_ARCHS = arm64;
				GCC_C_LANGUAGE_STANDARD = gnu11;
				GCC_NO_COMMON_BLOCKS = YES;
				GCC_WARN_64_TO_32_BIT_CONVERSION = YES;
				GCC_WARN_ABOUT_RETURN_TYPE = YES_ERROR;
				GCC_WARN_UNDECLARED_SELECTOR = YES;
				GCC_WARN_UNINITIALIZED_AUTOS = YES_AGGRESSIVE;
				GCC_WARN_UNUSED_FUNCTION = YES;
				GCC_WARN_UNUSED_VARIABLE = YES;
				GENERATE_INFOPLIST_FILE = NO;
				INFOPLIST_FILE = "";
				IPHONEOS_DEPLOYMENT_TARGET = 15.1;
				MTL_ENABLE_DEBUG_INFO = NO;
				MTL_FAST_MATH = YES;
				SDKROOT = iphoneos;
				SWIFT_COMPILATION_MODE = wholemodule;
				SWIFT_OPTIMIZATION_LEVEL = "-O";
				VALIDATE_PRODUCT = YES;
			};
			name = Release;
		};
		DA23616828356BDD00EBC982 /* Debug */ = {
			isa = XCBuildConfiguration;
			buildSettings = {
				ASSETCATALOG_COMPILER_APPICON_NAME = AppIcon;
				ASSETCATALOG_COMPILER_GLOBAL_ACCENT_COLOR_NAME = AccentColor;
				CODE_SIGN_STYLE = Automatic;
				CURRENT_PROJECT_VERSION = 1;
				DEVELOPMENT_ASSET_PATHS = "\"DairyPet/Preview Content\"";
				DEVELOPMENT_TEAM = B397XJU6A4;
				ENABLE_PREVIEWS = YES;
				EXCLUDED_ARCHS = "";
				GENERATE_INFOPLIST_FILE = NO;
				INFOPLIST_FILE = "$(SRCROOT)/Info.plist";
				INFOPLIST_KEY_NSCameraUsageDescription = "Wants to access to your devices camere for take photos.";
				INFOPLIST_KEY_NSPhotoLibraryUsageDescription = "Wants to access to your devices camere for take photos.";
				INFOPLIST_KEY_UIApplicationSceneManifest_Generation = YES;
				INFOPLIST_KEY_UIApplicationSupportsIndirectInputEvents = YES;
				INFOPLIST_KEY_UILaunchScreen_Generation = YES;
				INFOPLIST_KEY_UISupportedInterfaceOrientations_iPad = "UIInterfaceOrientationPortrait UIInterfaceOrientationPortraitUpsideDown UIInterfaceOrientationLandscapeLeft UIInterfaceOrientationLandscapeRight";
				INFOPLIST_KEY_UISupportedInterfaceOrientations_iPhone = "UIInterfaceOrientationPortrait UIInterfaceOrientationLandscapeLeft UIInterfaceOrientationLandscapeRight";
				LD_RUNPATH_SEARCH_PATHS = (
					"$(inherited)",
					"@executable_path/Frameworks",
				);
				MARKETING_VERSION = 1.1;
				PRODUCT_BUNDLE_IDENTIFIER = com.calculate.DairyPet;
				PRODUCT_NAME = "$(TARGET_NAME)";
				SWIFT_EMIT_LOC_STRINGS = YES;
				SWIFT_VERSION = 5.0;
				TARGETED_DEVICE_FAMILY = "1,2";
			};
			name = Debug;
		};
		DA23616928356BDD00EBC982 /* Release */ = {
			isa = XCBuildConfiguration;
			buildSettings = {
				ASSETCATALOG_COMPILER_APPICON_NAME = AppIcon;
				ASSETCATALOG_COMPILER_GLOBAL_ACCENT_COLOR_NAME = AccentColor;
				CODE_SIGN_STYLE = Automatic;
				CURRENT_PROJECT_VERSION = 1;
				DEVELOPMENT_ASSET_PATHS = "\"DairyPet/Preview Content\"";
				DEVELOPMENT_TEAM = B397XJU6A4;
				ENABLE_PREVIEWS = YES;
				GENERATE_INFOPLIST_FILE = NO;
				INFOPLIST_FILE = "$(SRCROOT)/Info.plist";
				INFOPLIST_KEY_NSCameraUsageDescription = "Wants to access to your devices camere for take photos.";
				INFOPLIST_KEY_NSPhotoLibraryUsageDescription = "Wants to access to your devices camere for take photos.";
				INFOPLIST_KEY_UIApplicationSceneManifest_Generation = YES;
				INFOPLIST_KEY_UIApplicationSupportsIndirectInputEvents = YES;
				INFOPLIST_KEY_UILaunchScreen_Generation = YES;
				INFOPLIST_KEY_UISupportedInterfaceOrientations_iPad = "UIInterfaceOrientationPortrait UIInterfaceOrientationPortraitUpsideDown UIInterfaceOrientationLandscapeLeft UIInterfaceOrientationLandscapeRight";
				INFOPLIST_KEY_UISupportedInterfaceOrientations_iPhone = "UIInterfaceOrientationPortrait UIInterfaceOrientationLandscapeLeft UIInterfaceOrientationLandscapeRight";
				LD_RUNPATH_SEARCH_PATHS = (
					"$(inherited)",
					"@executable_path/Frameworks",
				);
				MARKETING_VERSION = 1.1;
				PRODUCT_BUNDLE_IDENTIFIER = com.calculate.DairyPet;
				PRODUCT_NAME = "$(TARGET_NAME)";
				SWIFT_EMIT_LOC_STRINGS = YES;
				SWIFT_VERSION = 5.0;
				TARGETED_DEVICE_FAMILY = "1,2";
			};
			name = Release;
		};
/* End XCBuildConfiguration section */

/* Begin XCConfigurationList section */
		DA23615428356BDB00EBC982 /* Build configuration list for PBXProject "DairyPet" */ = {
			isa = XCConfigurationList;
			buildConfigurations = (
				DA23616528356BDD00EBC982 /* Debug */,
				DA23616628356BDD00EBC982 /* Release */,
			);
			defaultConfigurationIsVisible = 0;
			defaultConfigurationName = Release;
		};
		DA23616728356BDD00EBC982 /* Build configuration list for PBXNativeTarget "DairyPet" */ = {
			isa = XCConfigurationList;
			buildConfigurations = (
				DA23616828356BDD00EBC982 /* Debug */,
				DA23616928356BDD00EBC982 /* Release */,
			);
			defaultConfigurationIsVisible = 0;
			defaultConfigurationName = Release;
		};
/* End XCConfigurationList section */

/* Begin XCRemoteSwiftPackageReference section */
		DA3A3A74285505E000F50BA3 /* XCRemoteSwiftPackageReference "swiftui-charts" */ = {
			isa = XCRemoteSwiftPackageReference;
			repositoryURL = "https://github.com/spacenation/swiftui-charts";
			requirement = {
				kind = upToNextMajorVersion;
				minimumVersion = 1.0.0;
			};
		};
/* End XCRemoteSwiftPackageReference section */

/* Begin XCSwiftPackageProductDependency section */
		DA3A3A75285505E000F50BA3 /* Charts */ = {
			isa = XCSwiftPackageProductDependency;
			package = DA3A3A74285505E000F50BA3 /* XCRemoteSwiftPackageReference "swiftui-charts" */;
			productName = Charts;
		};
/* End XCSwiftPackageProductDependency section */

/* Begin XCVersionGroup section */
		DA03A3D1283847C300128B90 /* PetDiary.xcdatamodeld */ = {
			isa = XCVersionGroup;
			children = (
				DA03A3D2283847C300128B90 /* PetDiary.xcdatamodel */,
			);
			currentVersion = DA03A3D2283847C300128B90 /* PetDiary.xcdatamodel */;
			path = PetDiary.xcdatamodeld;
			sourceTree = "<group>";
			versionGroupType = wrapper.xcdatamodel;
		};
/* End XCVersionGroup section */
	};
	rootObject = DA23615128356BDB00EBC982 /* Project object */;
}
